
Microsoft Visual Studio Solution File, Format Version 12.00
# Visual Studio 2013
VisualStudioVersion = 12.0.40629.0
MinimumVisualStudioVersion = 10.0.40219.1
Project("{8BC9CEB8-8B4A-11D0-8D11-00A0C91BC942}") = "Cell Game", "Cell Game\Cell Game.vcxproj", "{89C6281D-B239-4D82-8408-87F9746305B7}"
EndProject
Project("{2150E333-8FDC-42A3-9474-1A3956D46DE8}") = "Solution Items", "Solution Items", "{FC148AE4-75B4-43C6-A485-43989AA18B25}"
EndProject
Global
	GlobalSection(SolutionConfigurationPlatforms) = preSolution
		Debug|Win32 = Debug|Win32
		Release|Win32 = Release|Win32
	EndGlobalSection
	GlobalSection(ProjectConfigurationPlatforms) = postSolution
		{89C6281D-B239-4D82-8408-87F9746305B7}.Debug|Win32.ActiveCfg = Debug|Win32
		{89C6281D-B239-4D82-8408-87F9746305B7}.Debug|Win32.Build.0 = Debug|Win32
		{89C6281D-B239-4D82-8408-87F9746305B7}.Release|Win32.ActiveCfg = Release|Win32
		{89C6281D-B239-4D82-8408-87F9746305B7}.Release|Win32.Build.0 = Release|Win32
	EndGlobalSection
	GlobalSection(SolutionProperties) = preSolution
		HideSolutionNode = FALSE
	EndGlobalSection
	GlobalSection(Performance) = preSolution
		HasPerformanceSessions = true
	EndGlobalSection
EndGlobal
