<?xml version="1.0" encoding="utf-8"?>
<Project ToolsVersion="4.0" xmlns="http://schemas.microsoft.com/developer/msbuild/2003">
  <ItemGroup>
    <Filter Include="Source Files">
      <UniqueIdentifier>{4FC737F1-C7A5-4376-A066-2A32D752A2FF}</UniqueIdentifier>
      <Extensions>cpp;c;cc;cxx;def;odl;idl;hpj;bat;asm;asmx;h;hpp</Extensions>
    </Filter>
    <Filter Include="Resource Files">
      <UniqueIdentifier>{67DA6AB6-F800-4c08-8B7A-83BB121AAD01}</UniqueIdentifier>
      <Extensions>rc;ico;cur;bmp;dlg;rc2;rct;bin;rgs;gif;jpg;jpeg;jpe;resx;tiff;tif;png;wav;mfcribbon-ms</Extensions>
    </Filter>
    <Filter Include="Source Files\State">
      <UniqueIdentifier>{5857bb02-ae61-4b67-bb8a-52024781f7e3}</UniqueIdentifier>
    </Filter>
    <Filter Include="Source Files\Automata">
      <UniqueIdentifier>{de2ed8cc-fb9c-4de9-9f98-966e1c715644}</UniqueIdentifier>
    </Filter>
    <Filter Include="Source Files\Automata\Cell">
      <UniqueIdentifier>{0f3c8581-d03f-4613-a4d1-8e013bc5f11e}</UniqueIdentifier>
    </Filter>
    <Filter Include="Source Files\Automata\World">
      <UniqueIdentifier>{330b9a44-45f5-4850-9134-974cd87adf3b}</UniqueIdentifier>
    </Filter>
    <Filter Include="Source Files\Engine">
      <UniqueIdentifier>{7a7f9cd9-94c0-4166-b0b1-5ea704e01f8c}</UniqueIdentifier>
    </Filter>
    <Filter Include="Source Files\Automata\Objects">
      <UniqueIdentifier>{af1fe021-1733-40ae-95a0-acd6b4aa262f}</UniqueIdentifier>
    </Filter>
  </ItemGroup>
  <ItemGroup>
    <ClCompile Include="main.cpp">
      <Filter>Source Files</Filter>
    </ClCompile>
    <ClCompile Include="ConwayTestState.cpp">
      <Filter>Source Files\State</Filter>
    </ClCompile>
    <ClCompile Include="ConwayCell.cpp">
      <Filter>Source Files\Automata\Cell</Filter>
    </ClCompile>
    <ClCompile Include="OrganismCell.cpp">
      <Filter>Source Files\Automata\Cell</Filter>
    </ClCompile>
    <ClCompile Include="OrganismState.cpp">
      <Filter>Source Files\State</Filter>
    </ClCompile>
    <ClCompile Include="OrganismCellWorld.cpp">
      <Filter>Source Files\Automata\World</Filter>
    </ClCompile>
    <ClCompile Include="CellEngine.cpp">
      <Filter>Source Files\Engine</Filter>
    </ClCompile>
  </ItemGroup>
  <ItemGroup>
    <ClInclude Include="ConwayTestState.h">
      <Filter>Source Files\State</Filter>
    </ClInclude>
    <ClInclude Include="AutomataCell.h">
      <Filter>Source Files\Automata\Cell</Filter>
    </ClInclude>
    <ClInclude Include="ConwayCell.h">
      <Filter>Source Files\Automata\Cell</Filter>
    </ClInclude>
    <ClInclude Include="CellWorld.h">
      <Filter>Source Files\Automata\World</Filter>
    </ClInclude>
    <ClInclude Include="OrganismCell.h">
      <Filter>Source Files\Automata\Cell</Filter>
    </ClInclude>
    <ClInclude Include="OrganismCellWorld.h">
      <Filter>Source Files\Automata\World</Filter>
    </ClInclude>
    <ClInclude Include="OrganismState.h">
      <Filter>Source Files\State</Filter>
    </ClInclude>
    <ClInclude Include="CellEngine.h">
      <Filter>Source Files\Engine</Filter>
    </ClInclude>
    <ClInclude Include="WorldObject.h">
      <Filter>Source Files\Automata\Objects</Filter>
    </ClInclude>
    <ClInclude Include="FoodObject.h">
      <Filter>Source Files\Automata\Objects</Filter>
    </ClInclude>
  </ItemGroup>
</Project>